
Microsoft Visual Studio Solution File, Format Version 12.00
# Visual Studio Version 17
VisualStudioVersion = 17.3.32901.215
MinimumVisualStudioVersion = 10.0.40219.1
Project("{FAE04EC0-301F-11D3-BF4B-00C04F79EFBC}") = "CRUD", "CRUD\CRUD.csproj", "{48BED5D3-C439-4B03-81D4-C82B723F98CE}"
EndProject
Global
	GlobalSection(SolutionConfigurationPlatforms) = preSolution
		Debug|Any CPU = Debug|Any CPU
		Release|Any CPU = Release|Any CPU
	EndGlobalSection
	GlobalSection(ProjectConfigurationPlatforms) = postSolution
		{48BED5D3-C439-4B03-81D4-C82B723F98CE}.Debug|Any CPU.ActiveCfg = Debug|Any CPU
		{48BED5D3-C439-4B03-81D4-C82B723F98CE}.Debug|Any CPU.Build.0 = Debug|Any CPU
		{48BED5D3-C439-4B03-81D4-C82B723F98CE}.Release|Any CPU.ActiveCfg = Release|Any CPU
		{48BED5D3-C439-4B03-81D4-C82B723F98CE}.Release|Any CPU.Build.0 = Release|Any CPU
	EndGlobalSection
	GlobalSection(SolutionProperties) = preSolution
		HideSolutionNode = FALSE
	EndGlobalSection
	GlobalSection(ExtensibilityGlobals) = postSolution
		SolutionGuid = {F89F7169-7E21-4577-9DE0-D8E5FDBB3D5F}
	EndGlobalSection
EndGlobal
